
Microsoft Visual Studio Solution File, Format Version 12.00
# Visual Studio Version 17
VisualStudioVersion = 17.9.34728.123
MinimumVisualStudioVersion = 10.0.40219.1
Project("{2150E333-8FDC-42A3-9474-1A3956D46DE8}") = "scr", "scr", "{37486126-AEEC-4CB7-924B-4F355C1A3124}"
EndProject
Project("{2150E333-8FDC-42A3-9474-1A3956D46DE8}") = "API", "API", "{4C636872-E3C1-4762-88DC-9A0163C878DA}"
EndProject
Project("{2150E333-8FDC-42A3-9474-1A3956D46DE8}") = "Infrastructure", "Infrastructure", "{F08ADEE9-16D9-4953-9008-47036FF68AB9}"
EndProject
Project("{2150E333-8FDC-42A3-9474-1A3956D46DE8}") = "UI", "UI", "{01FAC897-F2C7-4159-A725-A353C09A8AF4}"
EndProject
Project("{2150E333-8FDC-42A3-9474-1A3956D46DE8}") = "Core", "Core", "{EDF85E99-62A7-42B6-8465-7FABF97E0B36}"
EndProject
Project("{9A19103F-16F7-4668-BE54-9A1E7A4F7556}") = "CQRS.Domain", "CQRS.Domain\CQRS.Domain.csproj", "{9A62C132-259A-4A81-9A08-AB6EFCEDF539}"
EndProject
Project("{9A19103F-16F7-4668-BE54-9A1E7A4F7556}") = "CQRS.Application", "CQRS.Application\CQRS.Application.csproj", "{1BDF70C8-D1F4-4D50-94BF-9B43EA9BA584}"
EndProject
Project("{9A19103F-16F7-4668-BE54-9A1E7A4F7556}") = "CQRS.Persistence", "CQRS.Persistence\CQRS.Persistence.csproj", "{FFE9B46D-E272-4C07-B9A6-DAF76E604107}"
EndProject
Project("{9A19103F-16F7-4668-BE54-9A1E7A4F7556}") = "CQRS.Infrastructure", "CQRS.Infrastructure\CQRS.Infrastructure.csproj", "{834C5F13-4832-49C3-8956-88CF5714841F}"
EndProject
Project("{9A19103F-16F7-4668-BE54-9A1E7A4F7556}") = "CQRS.API", "CQRS.API\CQRS.API.csproj", "{7BEA9264-5B13-4653-9BD8-96A2DF8B0C1E}"
EndProject
Project("{FAE04EC0-301F-11D3-BF4B-00C04F79EFBC}") = "CQRS.Identity", "CQRS.Identity\CQRS.Identity.csproj", "{86AAF48E-BFB2-4335-A277-9B6890673340}"
EndProject
Global
	GlobalSection(SolutionConfigurationPlatforms) = preSolution
		Debug|Any CPU = Debug|Any CPU
		Release|Any CPU = Release|Any CPU
	EndGlobalSection
	GlobalSection(ProjectConfigurationPlatforms) = postSolution
		{9A62C132-259A-4A81-9A08-AB6EFCEDF539}.Debug|Any CPU.ActiveCfg = Debug|Any CPU
		{9A62C132-259A-4A81-9A08-AB6EFCEDF539}.Debug|Any CPU.Build.0 = Debug|Any CPU
		{9A62C132-259A-4A81-9A08-AB6EFCEDF539}.Release|Any CPU.ActiveCfg = Release|Any CPU
		{9A62C132-259A-4A81-9A08-AB6EFCEDF539}.Release|Any CPU.Build.0 = Release|Any CPU
		{1BDF70C8-D1F4-4D50-94BF-9B43EA9BA584}.Debug|Any CPU.ActiveCfg = Debug|Any CPU
		{1BDF70C8-D1F4-4D50-94BF-9B43EA9BA584}.Debug|Any CPU.Build.0 = Debug|Any CPU
		{1BDF70C8-D1F4-4D50-94BF-9B43EA9BA584}.Release|Any CPU.ActiveCfg = Release|Any CPU
		{1BDF70C8-D1F4-4D50-94BF-9B43EA9BA584}.Release|Any CPU.Build.0 = Release|Any CPU
		{FFE9B46D-E272-4C07-B9A6-DAF76E604107}.Debug|Any CPU.ActiveCfg = Debug|Any CPU
		{FFE9B46D-E272-4C07-B9A6-DAF76E604107}.Debug|Any CPU.Build.0 = Debug|Any CPU
		{FFE9B46D-E272-4C07-B9A6-DAF76E604107}.Release|Any CPU.ActiveCfg = Release|Any CPU
		{FFE9B46D-E272-4C07-B9A6-DAF76E604107}.Release|Any CPU.Build.0 = Release|Any CPU
		{834C5F13-4832-49C3-8956-88CF5714841F}.Debug|Any CPU.ActiveCfg = Debug|Any CPU
		{834C5F13-4832-49C3-8956-88CF5714841F}.Debug|Any CPU.Build.0 = Debug|Any CPU
		{834C5F13-4832-49C3-8956-88CF5714841F}.Release|Any CPU.ActiveCfg = Release|Any CPU
		{834C5F13-4832-49C3-8956-88CF5714841F}.Release|Any CPU.Build.0 = Release|Any CPU
		{7BEA9264-5B13-4653-9BD8-96A2DF8B0C1E}.Debug|Any CPU.ActiveCfg = Debug|Any CPU
		{7BEA9264-5B13-4653-9BD8-96A2DF8B0C1E}.Debug|Any CPU.Build.0 = Debug|Any CPU
		{7BEA9264-5B13-4653-9BD8-96A2DF8B0C1E}.Release|Any CPU.ActiveCfg = Release|Any CPU
		{7BEA9264-5B13-4653-9BD8-96A2DF8B0C1E}.Release|Any CPU.Build.0 = Release|Any CPU
		{86AAF48E-BFB2-4335-A277-9B6890673340}.Debug|Any CPU.ActiveCfg = Debug|Any CPU
		{86AAF48E-BFB2-4335-A277-9B6890673340}.Debug|Any CPU.Build.0 = Debug|Any CPU
		{86AAF48E-BFB2-4335-A277-9B6890673340}.Release|Any CPU.ActiveCfg = Release|Any CPU
		{86AAF48E-BFB2-4335-A277-9B6890673340}.Release|Any CPU.Build.0 = Release|Any CPU
	EndGlobalSection
	GlobalSection(SolutionProperties) = preSolution
		HideSolutionNode = FALSE
	EndGlobalSection
	GlobalSection(NestedProjects) = preSolution
		{4C636872-E3C1-4762-88DC-9A0163C878DA} = {37486126-AEEC-4CB7-924B-4F355C1A3124}
		{F08ADEE9-16D9-4953-9008-47036FF68AB9} = {37486126-AEEC-4CB7-924B-4F355C1A3124}
		{01FAC897-F2C7-4159-A725-A353C09A8AF4} = {37486126-AEEC-4CB7-924B-4F355C1A3124}
		{EDF85E99-62A7-42B6-8465-7FABF97E0B36} = {37486126-AEEC-4CB7-924B-4F355C1A3124}
		{9A62C132-259A-4A81-9A08-AB6EFCEDF539} = {EDF85E99-62A7-42B6-8465-7FABF97E0B36}
		{1BDF70C8-D1F4-4D50-94BF-9B43EA9BA584} = {EDF85E99-62A7-42B6-8465-7FABF97E0B36}
		{FFE9B46D-E272-4C07-B9A6-DAF76E604107} = {F08ADEE9-16D9-4953-9008-47036FF68AB9}
		{834C5F13-4832-49C3-8956-88CF5714841F} = {F08ADEE9-16D9-4953-9008-47036FF68AB9}
		{7BEA9264-5B13-4653-9BD8-96A2DF8B0C1E} = {4C636872-E3C1-4762-88DC-9A0163C878DA}
		{86AAF48E-BFB2-4335-A277-9B6890673340} = {F08ADEE9-16D9-4953-9008-47036FF68AB9}
	EndGlobalSection
	GlobalSection(ExtensibilityGlobals) = postSolution
		SolutionGuid = {D55BEDCD-E4BD-4866-A2E7-5D7F9BD0AAB9}
	EndGlobalSection
EndGlobal
